
Microsoft Visual Studio Solution File, Format Version 12.00
# Visual Studio Version 17
VisualStudioVersion = 17.9.34701.34
MinimumVisualStudioVersion = 10.0.40219.1
Project("{FAE04EC0-301F-11D3-BF4B-00C04F79EFBC}") = "ListaVehiculos", "ListaVehiculos.csproj", "{2F6BA258-BFD7-4CB5-B1CE-834FCA882028}"
EndProject
Project("{FAE04EC0-301F-11D3-BF4B-00C04F79EFBC}") = "ListaVehiculosSERVICE", "..\ListaVehiculosSERVICE\ListaVehiculosSERVICE.csproj", "{AE8ED183-2420-4B08-A349-5B657EAD12BD}"
EndProject
Global
	GlobalSection(SolutionConfigurationPlatforms) = preSolution
		Debug|Any CPU = Debug|Any CPU
		Release|Any CPU = Release|Any CPU
	EndGlobalSection
	GlobalSection(ProjectConfigurationPlatforms) = postSolution
		{2F6BA258-BFD7-4CB5-B1CE-834FCA882028}.Debug|Any CPU.ActiveCfg = Debug|Any CPU
		{2F6BA258-BFD7-4CB5-B1CE-834FCA882028}.Debug|Any CPU.Build.0 = Debug|Any CPU
		{2F6BA258-BFD7-4CB5-B1CE-834FCA882028}.Release|Any CPU.ActiveCfg = Release|Any CPU
		{2F6BA258-BFD7-4CB5-B1CE-834FCA882028}.Release|Any CPU.Build.0 = Release|Any CPU
		{AE8ED183-2420-4B08-A349-5B657EAD12BD}.Debug|Any CPU.ActiveCfg = Debug|Any CPU
		{AE8ED183-2420-4B08-A349-5B657EAD12BD}.Debug|Any CPU.Build.0 = Debug|Any CPU
		{AE8ED183-2420-4B08-A349-5B657EAD12BD}.Release|Any CPU.ActiveCfg = Release|Any CPU
		{AE8ED183-2420-4B08-A349-5B657EAD12BD}.Release|Any CPU.Build.0 = Release|Any CPU
	EndGlobalSection
	GlobalSection(SolutionProperties) = preSolution
		HideSolutionNode = FALSE
	EndGlobalSection
	GlobalSection(ExtensibilityGlobals) = postSolution
		SolutionGuid = {48F26328-5F32-4C7E-BC20-66BD5E382E88}
	EndGlobalSection
EndGlobal
